
Microsoft Visual Studio Solution File, Format Version 12.00
# Visual Studio 15
VisualStudioVersion = 15.0.28307.421
MinimumVisualStudioVersion = 10.0.40219.1
Project("{FAE04EC0-301F-11D3-BF4B-00C04F79EFBC}") = "Server", "Server\Server.csproj", "{EC9EE35C-AF78-45DA-9653-E6FF43CB44A1}"
EndProject
Project("{FAE04EC0-301F-11D3-BF4B-00C04F79EFBC}") = "Models", "Models\Models.csproj", "{DE769A43-DF90-4B5C-9AA0-3E24193DD2CC}"
EndProject
Project("{FAE04EC0-301F-11D3-BF4B-00C04F79EFBC}") = "Client", "Client\Client.csproj", "{C3ADAFE2-93EF-47AD-9222-652404E50013}"
EndProject
Global
	GlobalSection(SolutionConfigurationPlatforms) = preSolution
		Debug|Any CPU = Debug|Any CPU
		Release|Any CPU = Release|Any CPU
	EndGlobalSection
	GlobalSection(ProjectConfigurationPlatforms) = postSolution
		{EC9EE35C-AF78-45DA-9653-E6FF43CB44A1}.Debug|Any CPU.ActiveCfg = Debug|Any CPU
		{EC9EE35C-AF78-45DA-9653-E6FF43CB44A1}.Debug|Any CPU.Build.0 = Debug|Any CPU
		{EC9EE35C-AF78-45DA-9653-E6FF43CB44A1}.Release|Any CPU.ActiveCfg = Release|Any CPU
		{EC9EE35C-AF78-45DA-9653-E6FF43CB44A1}.Release|Any CPU.Build.0 = Release|Any CPU
		{DE769A43-DF90-4B5C-9AA0-3E24193DD2CC}.Debug|Any CPU.ActiveCfg = Debug|Any CPU
		{DE769A43-DF90-4B5C-9AA0-3E24193DD2CC}.Debug|Any CPU.Build.0 = Debug|Any CPU
		{DE769A43-DF90-4B5C-9AA0-3E24193DD2CC}.Release|Any CPU.ActiveCfg = Release|Any CPU
		{DE769A43-DF90-4B5C-9AA0-3E24193DD2CC}.Release|Any CPU.Build.0 = Release|Any CPU
		{C3ADAFE2-93EF-47AD-9222-652404E50013}.Debug|Any CPU.ActiveCfg = Debug|Any CPU
		{C3ADAFE2-93EF-47AD-9222-652404E50013}.Debug|Any CPU.Build.0 = Debug|Any CPU
		{C3ADAFE2-93EF-47AD-9222-652404E50013}.Release|Any CPU.ActiveCfg = Release|Any CPU
		{C3ADAFE2-93EF-47AD-9222-652404E50013}.Release|Any CPU.Build.0 = Release|Any CPU
	EndGlobalSection
	GlobalSection(SolutionProperties) = preSolution
		HideSolutionNode = FALSE
	EndGlobalSection
	GlobalSection(ExtensibilityGlobals) = postSolution
		SolutionGuid = {08B01727-CAA5-419E-BAA4-7D45E938B8AC}
	EndGlobalSection
EndGlobal
